// !$*UTF8*$!
{
	archiveVersion = 1;
	classes = {
	};
	objectVersion = 56;
	objects = {

/* Begin PBXBuildFile section */
		EB1CD87C2CF6642F00C1D01B /* SwiftUI_CRUD_Categorias_ProductosApp.swift in Sources */ = {isa = PBXBuildFile; fileRef = EB1CD87B2CF6642F00C1D01B /* SwiftUI_CRUD_Categorias_ProductosApp.swift */; };
		EB1CD87E2CF6642F00C1D01B /* ContentView.swift in Sources */ = {isa = PBXBuildFile; fileRef = EB1CD87D2CF6642F00C1D01B /* ContentView.swift */; };
		EB1CD8802CF6643200C1D01B /* Assets.xcassets in Resources */ = {isa = PBXBuildFile; fileRef = EB1CD87F2CF6643200C1D01B /* Assets.xcassets */; };
		EB1CD8832CF6643200C1D01B /* Preview Assets.xcassets in Resources */ = {isa = PBXBuildFile; fileRef = EB1CD8822CF6643200C1D01B /* Preview Assets.xcassets */; };
		EB1CD88A2CF664FF00C1D01B /* Categoria.swift in Sources */ = {isa = PBXBuildFile; fileRef = EB1CD8892CF664FF00C1D01B /* Categoria.swift */; };
		EB1CD88C2CF6650C00C1D01B /* Producto.swift in Sources */ = {isa = PBXBuildFile; fileRef = EB1CD88B2CF6650C00C1D01B /* Producto.swift */; };
		EB1CD88E2CF667A600C1D01B /* ListaCategoriasView.swift in Sources */ = {isa = PBXBuildFile; fileRef = EB1CD88D2CF667A600C1D01B /* ListaCategoriasView.swift */; };
		EB1CD8902CF668FF00C1D01B /* RegistroCategoriaView.swift in Sources */ = {isa = PBXBuildFile; fileRef = EB1CD88F2CF668FF00C1D01B /* RegistroCategoriaView.swift */; };
/* End PBXBuildFile section */

/* Begin PBXFileReference section */
		EB1CD8782CF6642F00C1D01B /* SwiftUI-CRUD-Categorias-Productos.app */ = {isa = PBXFileReference; explicitFileType = wrapper.application; includeInIndex = 0; path = "SwiftUI-CRUD-Categorias-Productos.app"; sourceTree = BUILT_PRODUCTS_DIR; };
		EB1CD87B2CF6642F00C1D01B /* SwiftUI_CRUD_Categorias_ProductosApp.swift */ = {isa = PBXFileReference; lastKnownFileType = sourcecode.swift; path = SwiftUI_CRUD_Categorias_ProductosApp.swift; sourceTree = "<group>"; };
		EB1CD87D2CF6642F00C1D01B /* ContentView.swift */ = {isa = PBXFileReference; lastKnownFileType = sourcecode.swift; path = ContentView.swift; sourceTree = "<group>"; };
		EB1CD87F2CF6643200C1D01B /* Assets.xcassets */ = {isa = PBXFileReference; lastKnownFileType = folder.assetcatalog; path = Assets.xcassets; sourceTree = "<group>"; };
		EB1CD8822CF6643200C1D01B /* Preview Assets.xcassets */ = {isa = PBXFileReference; lastKnownFileType = folder.assetcatalog; path = "Preview Assets.xcassets"; sourceTree = "<group>"; };
		EB1CD8892CF664FF00C1D01B /* Categoria.swift */ = {isa = PBXFileReference; lastKnownFileType = sourcecode.swift; path = Categoria.swift; sourceTree = "<group>"; };
		EB1CD88B2CF6650C00C1D01B /* Producto.swift */ = {isa = PBXFileReference; lastKnownFileType = sourcecode.swift; path = Producto.swift; sourceTree = "<group>"; };
		EB1CD88D2CF667A600C1D01B /* ListaCategoriasView.swift */ = {isa = PBXFileReference; lastKnownFileType = sourcecode.swift; path = ListaCategoriasView.swift; sourceTree = "<group>"; };
		EB1CD88F2CF668FF00C1D01B /* RegistroCategoriaView.swift */ = {isa = PBXFileReference; lastKnownFileType = sourcecode.swift; path = RegistroCategoriaView.swift; sourceTree = "<group>"; };
/* End PBXFileReference section */

/* Begin PBXFrameworksBuildPhase section */
		EB1CD8752CF6642F00C1D01B /* Frameworks */ = {
			isa = PBXFrameworksBuildPhase;
			buildActionMask = 2147483647;
			files = (
			);
			runOnlyForDeploymentPostprocessing = 0;
		};
/* End PBXFrameworksBuildPhase section */

/* Begin PBXGroup section */
		EB1CD86F2CF6642F00C1D01B = {
			isa = PBXGroup;
			children = (
				EB1CD87A2CF6642F00C1D01B /* SwiftUI-CRUD-Categorias-Productos */,
				EB1CD8792CF6642F00C1D01B /* Products */,
			);
			sourceTree = "<group>";
		};
		EB1CD8792CF6642F00C1D01B /* Products */ = {
			isa = PBXGroup;
			children = (
				EB1CD8782CF6642F00C1D01B /* SwiftUI-CRUD-Categorias-Productos.app */,
			);
			name = Products;
			sourceTree = "<group>";
		};
		EB1CD87A2CF6642F00C1D01B /* SwiftUI-CRUD-Categorias-Productos */ = {
			isa = PBXGroup;
			children = (
				EB1CD87B2CF6642F00C1D01B /* SwiftUI_CRUD_Categorias_ProductosApp.swift */,
				EB1CD87D2CF6642F00C1D01B /* ContentView.swift */,
				EB1CD87F2CF6643200C1D01B /* Assets.xcassets */,
				EB1CD8812CF6643200C1D01B /* Preview Content */,
				EB1CD8892CF664FF00C1D01B /* Categoria.swift */,
				EB1CD88B2CF6650C00C1D01B /* Producto.swift */,
				EB1CD88D2CF667A600C1D01B /* ListaCategoriasView.swift */,
				EB1CD88F2CF668FF00C1D01B /* RegistroCategoriaView.swift */,
			);
			path = "SwiftUI-CRUD-Categorias-Productos";
			sourceTree = "<group>";
		};
		EB1CD8812CF6643200C1D01B /* Preview Content */ = {
			isa = PBXGroup;
			children = (
				EB1CD8822CF6643200C1D01B /* Preview Assets.xcassets */,
			);
			path = "Preview Content";
			sourceTree = "<group>";
		};
/* End PBXGroup section */

/* Begin PBXNativeTarget section */
		EB1CD8772CF6642F00C1D01B /* SwiftUI-CRUD-Categorias-Productos */ = {
			isa = PBXNativeTarget;
			buildConfigurationList = EB1CD8862CF6643200C1D01B /* Build configuration list for PBXNativeTarget "SwiftUI-CRUD-Categorias-Productos" */;
			buildPhases = (
				EB1CD8742CF6642F00C1D01B /* Sources */,
				EB1CD8752CF6642F00C1D01B /* Frameworks */,
				EB1CD8762CF6642F00C1D01B /* Resources */,
			);
			buildRules = (
			);
			dependencies = (
			);
			name = "SwiftUI-CRUD-Categorias-Productos";
			productName = "SwiftUI-CRUD-Categorias-Productos";
			productReference = EB1CD8782CF6642F00C1D01B /* SwiftUI-CRUD-Categorias-Productos.app */;
			productType = "com.apple.product-type.application";
		};
/* End PBXNativeTarget section */

/* Begin PBXProject section */
		EB1CD8702CF6642F00C1D01B /* Project object */ = {
			isa = PBXProject;
			attributes = {
				BuildIndependentTargetsInParallel = 1;
				LastSwiftUpdateCheck = 1420;
				LastUpgradeCheck = 1420;
				TargetAttributes = {
					EB1CD8772CF6642F00C1D01B = {
						CreatedOnToolsVersion = 14.2;
					};
				};
			};
			buildConfigurationList = EB1CD8732CF6642F00C1D01B /* Build configuration list for PBXProject "SwiftUI-CRUD-Categorias-Productos" */;
			compatibilityVersion = "Xcode 14.0";
			developmentRegion = en;
			hasScannedForEncodings = 0;
			knownRegions = (
				en,
				Base,
			);
			mainGroup = EB1CD86F2CF6642F00C1D01B;
			productRefGroup = EB1CD8792CF6642F00C1D01B /* Products */;
			projectDirPath = "";
			projectRoot = "";
			targets = (
				EB1CD8772CF6642F00C1D01B /* SwiftUI-CRUD-Categorias-Productos */,
			);
		};
/* End PBXProject section */

/* Begin PBXResourcesBuildPhase section */
		EB1CD8762CF6642F00C1D01B /* Resources */ = {
			isa = PBXResourcesBuildPhase;
			buildActionMask = 2147483647;
			files = (
				EB1CD8832CF6643200C1D01B /* Preview Assets.xcassets in Resources */,
				EB1CD8802CF6643200C1D01B /* Assets.xcassets in Resources */,
			);
			runOnlyForDeploymentPostprocessing = 0;
		};
/* End PBXResourcesBuildPhase section */

/* Begin PBXSourcesBuildPhase section */
		EB1CD8742CF6642F00C1D01B /* Sources */ = {
			isa = PBXSourcesBuildPhase;
			buildActionMask = 2147483647;
			files = (
				EB1CD87E2CF6642F00C1D01B /* ContentView.swift in Sources */,
				EB1CD88C2CF6650C00C1D01B /* Producto.swift in Sources */,
				EB1CD87C2CF6642F00C1D01B /* SwiftUI_CRUD_Categorias_ProductosApp.swift in Sources */,
				EB1CD88E2CF667A600C1D01B /* ListaCategoriasView.swift in Sources */,
				EB1CD88A2CF664FF00C1D01B /* Categoria.swift in Sources */,
				EB1CD8902CF668FF00C1D01B /* RegistroCategoriaView.swift in Sources */,
			);
			runOnlyForDeploymentPostprocessing = 0;
		};
/* End PBXSourcesBuildPhase section */

/* Begin XCBuildConfiguration section */
		EB1CD8842CF6643200C1D01B /* Debug */ = {
			isa = XCBuildConfiguration;
			buildSettings = {
				ALWAYS_SEARCH_USER_PATHS = NO;
				CLANG_ANALYZER_NONNULL = YES;
				CLANG_ANALYZER_NUMBER_OBJECT_CONVERSION = YES_AGGRESSIVE;
				CLANG_CXX_LANGUAGE_STANDARD = "gnu++20";
				CLANG_ENABLE_MODULES = YES;
				CLANG_ENABLE_OBJC_ARC = YES;
				CLANG_ENABLE_OBJC_WEAK = YES;
				CLANG_WARN_BLOCK_CAPTURE_AUTORELEASING = YES;
				CLANG_WARN_BOOL_CONVERSION = YES;
				CLANG_WARN_COMMA = YES;
				CLANG_WARN_CONSTANT_CONVERSION = YES;
				CLANG_WARN_DEPRECATED_OBJC_IMPLEMENTATIONS = YES;
				CLANG_WARN_DIRECT_OBJC_ISA_USAGE = YES_ERROR;
				CLANG_WARN_DOCUMENTATION_COMMENTS = YES;
				CLANG_WARN_EMPTY_BODY = YES;
				CLANG_WARN_ENUM_CONVERSION = YES;
				CLANG_WARN_INFINITE_RECURSION = YES;
				CLANG_WARN_INT_CONVERSION = YES;
				CLANG_WARN_NON_LITERAL_NULL_CONVERSION = YES;
				CLANG_WARN_OBJC_IMPLICIT_RETAIN_SELF = YES;
				CLANG_WARN_OBJC_LITERAL_CONVERSION = YES;
				CLANG_WARN_OBJC_ROOT_CLASS = YES_ERROR;
				CLANG_WARN_QUOTED_INCLUDE_IN_FRAMEWORK_HEADER = YES;
				CLANG_WARN_RANGE_LOOP_ANALYSIS = YES;
				CLANG_WARN_STRICT_PROTOTYPES = YES;
				CLANG_WARN_SUSPICIOUS_MOVE = YES;
				CLANG_WARN_UNGUARDED_AVAILABILITY = YES_AGGRESSIVE;
				CLANG_WARN_UNREACHABLE_CODE = YES;
				CLANG_WARN__DUPLICATE_METHOD_MATCH = YES;
				COPY_PHASE_STRIP = NO;
				DEBUG_INFORMATION_FORMAT = dwarf;
				ENABLE_STRICT_OBJC_MSGSEND = YES;
				ENABLE_TESTABILITY = YES;
				GCC_C_LANGUAGE_STANDARD = gnu11;
				GCC_DYNAMIC_NO_PIC = NO;
				GCC_NO_COMMON_BLOCKS = YES;
				GCC_OPTIMIZATION_LEVEL = 0;
				GCC_PREPROCESSOR_DEFINITIONS = (
					"DEBUG=1",
					"$(inherited)",
				);
				GCC_WARN_64_TO_32_BIT_CONVERSION = YES;
				GCC_WARN_ABOUT_RETURN_TYPE = YES_ERROR;
				GCC_WARN_UNDECLARED_SELECTOR = YES;
				GCC_WARN_UNINITIALIZED_AUTOS = YES_AGGRESSIVE;
				GCC_WARN_UNUSED_FUNCTION = YES;
				GCC_WARN_UNUSED_VARIABLE = YES;
				IPHONEOS_DEPLOYMENT_TARGET = 16.2;
				MTL_ENABLE_DEBUG_INFO = INCLUDE_SOURCE;
				MTL_FAST_MATH = YES;
				ONLY_ACTIVE_ARCH = YES;
				SDKROOT = iphoneos;
				SWIFT_ACTIVE_COMPILATION_CONDITIONS = DEBUG;
				SWIFT_OPTIMIZATION_LEVEL = "-Onone";
			};
			name = Debug;
		};
		EB1CD8852CF6643200C1D01B /* Release */ = {
			isa = XCBuildConfiguration;
			buildSettings = {
				ALWAYS_SEARCH_USER_PATHS = NO;
				CLANG_ANALYZER_NONNULL = YES;
				CLANG_ANALYZER_NUMBER_OBJECT_CONVERSION = YES_AGGRESSIVE;
				CLANG_CXX_LANGUAGE_STANDARD = "gnu++20";
				CLANG_ENABLE_MODULES = YES;
				CLANG_ENABLE_OBJC_ARC = YES;
				CLANG_ENABLE_OBJC_WEAK = YES;
				CLANG_WARN_BLOCK_CAPTURE_AUTORELEASING = YES;
				CLANG_WARN_BOOL_CONVERSION = YES;
				CLANG_WARN_COMMA = YES;
				CLANG_WARN_CONSTANT_CONVERSION = YES;
				CLANG_WARN_DEPRECATED_OBJC_IMPLEMENTATIONS = YES;
				CLANG_WARN_DIRECT_OBJC_ISA_USAGE = YES_ERROR;
				CLANG_WARN_DOCUMENTATION_COMMENTS = YES;
				CLANG_WARN_EMPTY_BODY = YES;
				CLANG_WARN_ENUM_CONVERSION = YES;
				CLANG_WARN_INFINITE_RECURSION = YES;
				CLANG_WARN_INT_CONVERSION = YES;
				CLANG_WARN_NON_LITERAL_NULL_CONVERSION = YES;
				CLANG_WARN_OBJC_IMPLICIT_RETAIN_SELF = YES;
				CLANG_WARN_OBJC_LITERAL_CONVERSION = YES;
				CLANG_WARN_OBJC_ROOT_CLASS = YES_ERROR;
				CLANG_WARN_QUOTED_INCLUDE_IN_FRAMEWORK_HEADER = YES;
				CLANG_WARN_RANGE_LOOP_ANALYSIS = YES;
				CLANG_WARN_STRICT_PROTOTYPES = YES;
				CLANG_WARN_SUSPICIOUS_MOVE = YES;
				CLANG_WARN_UNGUARDED_AVAILABILITY = YES_AGGRESSIVE;
				CLANG_WARN_UNREACHABLE_CODE = YES;
				CLANG_WARN__DUPLICATE_METHOD_MATCH = YES;
				COPY_PHASE_STRIP = NO;
				DEBUG_INFORMATION_FORMAT = "dwarf-with-dsym";
				ENABLE_NS_ASSERTIONS = NO;
				ENABLE_STRICT_OBJC_MSGSEND = YES;
				GCC_C_LANGUAGE_STANDARD = gnu11;
				GCC_NO_COMMON_BLOCKS = YES;
				GCC_WARN_64_TO_32_BIT_CONVERSION = YES;
				GCC_WARN_ABOUT_RETURN_TYPE = YES_ERROR;
				GCC_WARN_UNDECLARED_SELECTOR = YES;
				GCC_WARN_UNINITIALIZED_AUTOS = YES_AGGRESSIVE;
				GCC_WARN_UNUSED_FUNCTION = YES;
				GCC_WARN_UNUSED_VARIABLE = YES;
				IPHONEOS_DEPLOYMENT_TARGET = 16.2;
				MTL_ENABLE_DEBUG_INFO = NO;
				MTL_FAST_MATH = YES;
				SDKROOT = iphoneos;
				SWIFT_COMPILATION_MODE = wholemodule;
				SWIFT_OPTIMIZATION_LEVEL = "-O";
				VALIDATE_PRODUCT = YES;
			};
			name = Release;
		};
		EB1CD8872CF6643200C1D01B /* Debug */ = {
			isa = XCBuildConfiguration;
			buildSettings = {
				ASSETCATALOG_COMPILER_APPICON_NAME = AppIcon;
				ASSETCATALOG_COMPILER_GLOBAL_ACCENT_COLOR_NAME = AccentColor;
				CODE_SIGN_STYLE = Automatic;
				CURRENT_PROJECT_VERSION = 1;
				DEVELOPMENT_ASSET_PATHS = "\"SwiftUI-CRUD-Categorias-Productos/Preview Content\"";
				ENABLE_PREVIEWS = YES;
				GENERATE_INFOPLIST_FILE = YES;
				INFOPLIST_KEY_UIApplicationSceneManifest_Generation = YES;
				INFOPLIST_KEY_UIApplicationSupportsIndirectInputEvents = YES;
				INFOPLIST_KEY_UILaunchScreen_Generation = YES;
				INFOPLIST_KEY_UISupportedInterfaceOrientations_iPad = "UIInterfaceOrientationPortrait UIInterfaceOrientationPortraitUpsideDown UIInterfaceOrientationLandscapeLeft UIInterfaceOrientationLandscapeRight";
				INFOPLIST_KEY_UISupportedInterfaceOrientations_iPhone = "UIInterfaceOrientationPortrait UIInterfaceOrientationLandscapeLeft UIInterfaceOrientationLandscapeRight";
				LD_RUNPATH_SEARCH_PATHS = (
					"$(inherited)",
					"@executable_path/Frameworks",
				);
				MARKETING_VERSION = 1.0;
				PRODUCT_BUNDLE_IDENTIFIER = "pe.edu.cibertec.SwiftUI-CRUD-Categorias-Productos";
				PRODUCT_NAME = "$(TARGET_NAME)";
				SWIFT_EMIT_LOC_STRINGS = YES;
				SWIFT_VERSION = 5.0;
				TARGETED_DEVICE_FAMILY = "1,2";
			};
			name = Debug;
		};
		EB1CD8882CF6643200C1D01B /* Release */ = {
			isa = XCBuildConfiguration;
			buildSettings = {
				ASSETCATALOG_COMPILER_APPICON_NAME = AppIcon;
				ASSETCATALOG_COMPILER_GLOBAL_ACCENT_COLOR_NAME = AccentColor;
				CODE_SIGN_STYLE = Automatic;
				CURRENT_PROJECT_VERSION = 1;
				DEVELOPMENT_ASSET_PATHS = "\"SwiftUI-CRUD-Categorias-Productos/Preview Content\"";
				ENABLE_PREVIEWS = YES;
				GENERATE_INFOPLIST_FILE = YES;
				INFOPLIST_KEY_UIApplicationSceneManifest_Generation = YES;
				INFOPLIST_KEY_UIApplicationSupportsIndirectInputEvents = YES;
				INFOPLIST_KEY_UILaunchScreen_Generation = YES;
				INFOPLIST_KEY_UISupportedInterfaceOrientations_iPad = "UIInterfaceOrientationPortrait UIInterfaceOrientationPortraitUpsideDown UIInterfaceOrientationLandscapeLeft UIInterfaceOrientationLandscapeRight";
				INFOPLIST_KEY_UISupportedInterfaceOrientations_iPhone = "UIInterfaceOrientationPortrait UIInterfaceOrientationLandscapeLeft UIInterfaceOrientationLandscapeRight";
				LD_RUNPATH_SEARCH_PATHS = (
					"$(inherited)",
					"@executable_path/Frameworks",
				);
				MARKETING_VERSION = 1.0;
				PRODUCT_BUNDLE_IDENTIFIER = "pe.edu.cibertec.SwiftUI-CRUD-Categorias-Productos";
				PRODUCT_NAME = "$(TARGET_NAME)";
				SWIFT_EMIT_LOC_STRINGS = YES;
				SWIFT_VERSION = 5.0;
				TARGETED_DEVICE_FAMILY = "1,2";
			};
			name = Release;
		};
/* End XCBuildConfiguration section */

/* Begin XCConfigurationList section */
		EB1CD8732CF6642F00C1D01B /* Build configuration list for PBXProject "SwiftUI-CRUD-Categorias-Productos" */ = {
			isa = XCConfigurationList;
			buildConfigurations = (
				EB1CD8842CF6643200C1D01B /* Debug */,
				EB1CD8852CF6643200C1D01B /* Release */,
			);
			defaultConfigurationIsVisible = 0;
			defaultConfigurationName = Release;
		};
		EB1CD8862CF6643200C1D01B /* Build configuration list for PBXNativeTarget "SwiftUI-CRUD-Categorias-Productos" */ = {
			isa = XCConfigurationList;
			buildConfigurations = (
				EB1CD8872CF6643200C1D01B /* Debug */,
				EB1CD8882CF6643200C1D01B /* Release */,
			);
			defaultConfigurationIsVisible = 0;
			defaultConfigurationName = Release;
		};
/* End XCConfigurationList section */
	};
	rootObject = EB1CD8702CF6642F00C1D01B /* Project object */;
}
